
Microsoft Visual Studio Solution File, Format Version 12.00
# Visual Studio Version 16
VisualStudioVersion = 16.0.32228.343
MinimumVisualStudioVersion = 10.0.40219.1
Project("{FAE04EC0-301F-11D3-BF4B-00C04F79EFBC}") = "Point_And_Line", "Point_And_Line.csproj", "{939200E3-73D0-45A6-9DE5-D24B5E9C2A23}"
EndProject
Global
	GlobalSection(SolutionConfigurationPlatforms) = preSolution
		Debug|Any CPU = Debug|Any CPU
		Release|Any CPU = Release|Any CPU
	EndGlobalSection
	GlobalSection(ProjectConfigurationPlatforms) = postSolution
		{939200E3-73D0-45A6-9DE5-D24B5E9C2A23}.Debug|Any CPU.ActiveCfg = Debug|Any CPU
		{939200E3-73D0-45A6-9DE5-D24B5E9C2A23}.Debug|Any CPU.Build.0 = Debug|Any CPU
		{939200E3-73D0-45A6-9DE5-D24B5E9C2A23}.Release|Any CPU.ActiveCfg = Release|Any CPU
		{939200E3-73D0-45A6-9DE5-D24B5E9C2A23}.Release|Any CPU.Build.0 = Release|Any CPU
	EndGlobalSection
	GlobalSection(SolutionProperties) = preSolution
		HideSolutionNode = FALSE
	EndGlobalSection
	GlobalSection(ExtensibilityGlobals) = postSolution
		SolutionGuid = {6B35D2F9-DB59-4261-B750-37EB4AF7223B}
	EndGlobalSection
EndGlobal
